
Microsoft Visual Studio Solution File, Format Version 12.00
# Visual Studio Version 16
VisualStudioVersion = 16.0.28803.202
MinimumVisualStudioVersion = 10.0.40219.1
Project("{FAE04EC0-301F-11D3-BF4B-00C04F79EFBC}") = "ComicBookStuff", "ComicBookStuff\ComicBookStuff.csproj", "{E2D60312-A717-4D70-ABB7-9E98F5E6E675}"
EndProject
Global
	GlobalSection(SolutionConfigurationPlatforms) = preSolution
		Debug|Any CPU = Debug|Any CPU
		Release|Any CPU = Release|Any CPU
	EndGlobalSection
	GlobalSection(ProjectConfigurationPlatforms) = postSolution
		{E2D60312-A717-4D70-ABB7-9E98F5E6E675}.Debug|Any CPU.ActiveCfg = Debug|Any CPU
		{E2D60312-A717-4D70-ABB7-9E98F5E6E675}.Debug|Any CPU.Build.0 = Debug|Any CPU
		{E2D60312-A717-4D70-ABB7-9E98F5E6E675}.Release|Any CPU.ActiveCfg = Release|Any CPU
		{E2D60312-A717-4D70-ABB7-9E98F5E6E675}.Release|Any CPU.Build.0 = Release|Any CPU
	EndGlobalSection
	GlobalSection(SolutionProperties) = preSolution
		HideSolutionNode = FALSE
	EndGlobalSection
	GlobalSection(ExtensibilityGlobals) = postSolution
		SolutionGuid = {5B5C8119-7ED3-45A8-A07E-AEBB4389400E}
	EndGlobalSection
EndGlobal
